// !$*UTF8*$!
{
	archiveVersion = 1;
	classes = {
	};
	objectVersion = 46;
	objects = {

/* Begin PBXBuildFile section */
		149229771CACC9AA0072742A /* AppDelegate.swift in Sources */ = {isa = PBXBuildFile; fileRef = 149229761CACC9AA0072742A /* AppDelegate.swift */; };
		149229791CACC9AA0072742A /* ViewController.swift in Sources */ = {isa = PBXBuildFile; fileRef = 149229781CACC9AA0072742A /* ViewController.swift */; };
		1492297B1CACC9AA0072742A /* Assets.xcassets in Resources */ = {isa = PBXBuildFile; fileRef = 1492297A1CACC9AA0072742A /* Assets.xcassets */; };
		1492297E1CACC9AA0072742A /* Main.storyboard in Resources */ = {isa = PBXBuildFile; fileRef = 1492297C1CACC9AA0072742A /* Main.storyboard */; };
/* End PBXBuildFile section */

/* Begin PBXFileReference section */
		149229731CACC9AA0072742A /* FBMessenger.app */ = {isa = PBXFileReference; explicitFileType = wrapper.application; includeInIndex = 0; path = FBMessenger.app; sourceTree = BUILT_PRODUCTS_DIR; };
		149229761CACC9AA0072742A /* AppDelegate.swift */ = {isa = PBXFileReference; lastKnownFileType = sourcecode.swift; path = AppDelegate.swift; sourceTree = "<group>"; };
		149229781CACC9AA0072742A /* ViewController.swift */ = {isa = PBXFileReference; lastKnownFileType = sourcecode.swift; path = ViewController.swift; sourceTree = "<group>"; };
		1492297A1CACC9AA0072742A /* Assets.xcassets */ = {isa = PBXFileReference; lastKnownFileType = folder.assetcatalog; path = Assets.xcassets; sourceTree = "<group>"; };
		1492297D1CACC9AA0072742A /* Base */ = {isa = PBXFileReference; lastKnownFileType = file.storyboard; name = Base; path = Base.lproj/Main.storyboard; sourceTree = "<group>"; };
		1492297F1CACC9AA0072742A /* Info.plist */ = {isa = PBXFileReference; lastKnownFileType = text.plist.xml; path = Info.plist; sourceTree = "<group>"; };
/* End PBXFileReference section */

/* Begin PBXFrameworksBuildPhase section */
		149229701CACC9AA0072742A /* Frameworks */ = {
			isa = PBXFrameworksBuildPhase;
			buildActionMask = 2147483647;
			files = (
			);
			runOnlyForDeploymentPostprocessing = 0;
		};
/* End PBXFrameworksBuildPhase section */

/* Begin PBXGroup section */
		1492296A1CACC9AA0072742A = {
			isa = PBXGroup;
			children = (
				149229751CACC9AA0072742A /* FBMessenger */,
				149229741CACC9AA0072742A /* Products */,
			);
			sourceTree = "<group>";
		};
		149229741CACC9AA0072742A /* Products */ = {
			isa = PBXGroup;
			children = (
				149229731CACC9AA0072742A /* FBMessenger.app */,
			);
			name = Products;
			sourceTree = "<group>";
		};
		149229751CACC9AA0072742A /* FBMessenger */ = {
			isa = PBXGroup;
			children = (
				149229761CACC9AA0072742A /* AppDelegate.swift */,
				149229781CACC9AA0072742A /* ViewController.swift */,
				1492297A1CACC9AA0072742A /* Assets.xcassets */,
				1492297C1CACC9AA0072742A /* Main.storyboard */,
				1492297F1CACC9AA0072742A /* Info.plist */,
			);
			path = FBMessenger;
			sourceTree = "<group>";
		};
/* End PBXGroup section */

/* Begin PBXNativeTarget section */
		149229721CACC9AA0072742A /* FBMessenger */ = {
			isa = PBXNativeTarget;
			buildConfigurationList = 149229821CACC9AA0072742A /* Build configuration list for PBXNativeTarget "FBMessenger" */;
			buildPhases = (
				1492296F1CACC9AA0072742A /* Sources */,
				149229701CACC9AA0072742A /* Frameworks */,
				149229711CACC9AA0072742A /* Resources */,
			);
			buildRules = (
			);
			dependencies = (
			);
			name = FBMessenger;
			productName = FBMessenger;
			productReference = 149229731CACC9AA0072742A /* FBMessenger.app */;
			productType = "com.apple.product-type.application";
		};
/* End PBXNativeTarget section */

/* Begin PBXProject section */
		1492296B1CACC9AA0072742A /* Project object */ = {
			isa = PBXProject;
			attributes = {
				LastSwiftUpdateCheck = 0730;
				LastUpgradeCheck = 0730;
				ORGANIZATIONNAME = "Heron Yang";
				TargetAttributes = {
					149229721CACC9AA0072742A = {
						CreatedOnToolsVersion = 7.3;
					};
				};
			};
			buildConfigurationList = 1492296E1CACC9AA0072742A /* Build configuration list for PBXProject "FBMessenger" */;
			compatibilityVersion = "Xcode 3.2";
			developmentRegion = English;
			hasScannedForEncodings = 0;
			knownRegions = (
				en,
				Base,
			);
			mainGroup = 1492296A1CACC9AA0072742A;
			productRefGroup = 149229741CACC9AA0072742A /* Products */;
			projectDirPath = "";
			projectRoot = "";
			targets = (
				149229721CACC9AA0072742A /* FBMessenger */,
			);
		};
/* End PBXProject section */

/* Begin PBXResourcesBuildPhase section */
		149229711CACC9AA0072742A /* Resources */ = {
			isa = PBXResourcesBuildPhase;
			buildActionMask = 2147483647;
			files = (
				1492297B1CACC9AA0072742A /* Assets.xcassets in Resources */,
				1492297E1CACC9AA0072742A /* Main.storyboard in Resources */,
			);
			runOnlyForDeploymentPostprocessing = 0;
		};
/* End PBXResourcesBuildPhase section */

/* Begin PBXSourcesBuildPhase section */
		1492296F1CACC9AA0072742A /* Sources */ = {
			isa = PBXSourcesBuildPhase;
			buildActionMask = 2147483647;
			files = (
				149229791CACC9AA0072742A /* ViewController.swift in Sources */,
				149229771CACC9AA0072742A /* AppDelegate.swift in Sources */,
			);
			runOnlyForDeploymentPostprocessing = 0;
		};
/* End PBXSourcesBuildPhase section */

/* Begin PBXVariantGroup section */
		1492297C1CACC9AA0072742A /* Main.storyboard */ = {
			isa = PBXVariantGroup;
			children = (
				1492297D1CACC9AA0072742A /* Base */,
			);
			name = Main.storyboard;
			sourceTree = "<group>";
		};
/* End PBXVariantGroup section */

/* Begin XCBuildConfiguration section */
		149229801CACC9AA0072742A /* Debug */ = {
			isa = XCBuildConfiguration;
			buildSettings = {
				ALWAYS_SEARCH_USER_PATHS = NO;
				CLANG_ANALYZER_NONNULL = YES;
				CLANG_CXX_LANGUAGE_STANDARD = "gnu++0x";
				CLANG_CXX_LIBRARY = "libc++";
				CLANG_ENABLE_MODULES = YES;
				CLANG_ENABLE_OBJC_ARC = YES;
				CLANG_WARN_BOOL_CONVERSION = YES;
				CLANG_WARN_CONSTANT_CONVERSION = YES;
				CLANG_WARN_DIRECT_OBJC_ISA_USAGE = YES_ERROR;
				CLANG_WARN_EMPTY_BODY = YES;
				CLANG_WARN_ENUM_CONVERSION = YES;
				CLANG_WARN_INT_CONVERSION = YES;
				CLANG_WARN_OBJC_ROOT_CLASS = YES_ERROR;
				CLANG_WARN_UNREACHABLE_CODE = YES;
				CLANG_WARN__DUPLICATE_METHOD_MATCH = YES;
				CODE_SIGN_IDENTITY = "-";
				COPY_PHASE_STRIP = NO;
				DEBUG_INFORMATION_FORMAT = dwarf;
				ENABLE_STRICT_OBJC_MSGSEND = YES;
				ENABLE_TESTABILITY = YES;
				GCC_C_LANGUAGE_STANDARD = gnu99;
				GCC_DYNAMIC_NO_PIC = NO;
				GCC_NO_COMMON_BLOCKS = YES;
				GCC_OPTIMIZATION_LEVEL = 0;
				GCC_PREPROCESSOR_DEFINITIONS = (
					"DEBUG=1",
					"$(inherited)",
				);
				GCC_WARN_64_TO_32_BIT_CONVERSION = YES;
				GCC_WARN_ABOUT_RETURN_TYPE = YES_ERROR;
				GCC_WARN_UNDECLARED_SELECTOR = YES;
				GCC_WARN_UNINITIALIZED_AUTOS = YES_AGGRESSIVE;
				GCC_WARN_UNUSED_FUNCTION = YES;
				GCC_WARN_UNUSED_VARIABLE = YES;
				MACOSX_DEPLOYMENT_TARGET = 10.11;
				MTL_ENABLE_DEBUG_INFO = YES;
				ONLY_ACTIVE_ARCH = YES;
				SDKROOT = macosx;
				SWIFT_OPTIMIZATION_LEVEL = "-Onone";
			};
			name = Debug;
		};
		149229811CACC9AA0072742A /* Release */ = {
			isa = XCBuildConfiguration;
			buildSettings = {
				ALWAYS_SEARCH_USER_PATHS = NO;
				CLANG_ANALYZER_NONNULL = YES;
				CLANG_CXX_LANGUAGE_STANDARD = "gnu++0x";
				CLANG_CXX_LIBRARY = "libc++";
				CLANG_ENABLE_MODULES = YES;
				CLANG_ENABLE_OBJC_ARC = YES;
				CLANG_WARN_BOOL_CONVERSION = YES;
				CLANG_WARN_CONSTANT_CONVERSION = YES;
				CLANG_WARN_DIRECT_OBJC_ISA_USAGE = YES_ERROR;
				CLANG_WARN_EMPTY_BODY = YES;
				CLANG_WARN_ENUM_CONVERSION = YES;
				CLANG_WARN_INT_CONVERSION = YES;
				CLANG_WARN_OBJC_ROOT_CLASS = YES_ERROR;
				CLANG_WARN_UNREACHABLE_CODE = YES;
				CLANG_WARN__DUPLICATE_METHOD_MATCH = YES;
				CODE_SIGN_IDENTITY = "-";
				COPY_PHASE_STRIP = NO;
				DEBUG_INFORMATION_FORMAT = "dwarf-with-dsym";
				ENABLE_NS_ASSERTIONS = NO;
				ENABLE_STRICT_OBJC_MSGSEND = YES;
				GCC_C_LANGUAGE_STANDARD = gnu99;
				GCC_NO_COMMON_BLOCKS = YES;
				GCC_WARN_64_TO_32_BIT_CONVERSION = YES;
				GCC_WARN_ABOUT_RETURN_TYPE = YES_ERROR;
				GCC_WARN_UNDECLARED_SELECTOR = YES;
				GCC_WARN_UNINITIALIZED_AUTOS = YES_AGGRESSIVE;
				GCC_WARN_UNUSED_FUNCTION = YES;
				GCC_WARN_UNUSED_VARIABLE = YES;
				MACOSX_DEPLOYMENT_TARGET = 10.11;
				MTL_ENABLE_DEBUG_INFO = NO;
				SDKROOT = macosx;
			};
			name = Release;
		};
		149229831CACC9AA0072742A /* Debug */ = {
			isa = XCBuildConfiguration;
			buildSettings = {
				ASSETCATALOG_COMPILER_APPICON_NAME = AppIcon;
				COMBINE_HIDPI_IMAGES = YES;
				INFOPLIST_FILE = FBMessenger/Info.plist;
				LD_RUNPATH_SEARCH_PATHS = "$(inherited) @executable_path/../Frameworks";
				PRODUCT_BUNDLE_IDENTIFIER = me.heron.FBMessenger;
				PRODUCT_NAME = "$(TARGET_NAME)";
			};
			name = Debug;
		};
		149229841CACC9AA0072742A /* Release */ = {
			isa = XCBuildConfiguration;
			buildSettings = {
				ASSETCATALOG_COMPILER_APPICON_NAME = AppIcon;
				COMBINE_HIDPI_IMAGES = YES;
				INFOPLIST_FILE = FBMessenger/Info.plist;
				LD_RUNPATH_SEARCH_PATHS = "$(inherited) @executable_path/../Frameworks";
				PRODUCT_BUNDLE_IDENTIFIER = me.heron.FBMessenger;
				PRODUCT_NAME = "$(TARGET_NAME)";
			};
			name = Release;
		};
/* End XCBuildConfiguration section */

/* Begin XCConfigurationList section */
		1492296E1CACC9AA0072742A /* Build configuration list for PBXProject "FBMessenger" */ = {
			isa = XCConfigurationList;
			buildConfigurations = (
				149229801CACC9AA0072742A /* Debug */,
				149229811CACC9AA0072742A /* Release */,
			);
			defaultConfigurationIsVisible = 0;
			defaultConfigurationName = Release;
		};
		149229821CACC9AA0072742A /* Build configuration list for PBXNativeTarget "FBMessenger" */ = {
			isa = XCConfigurationList;
			buildConfigurations = (
				149229831CACC9AA0072742A /* Debug */,
				149229841CACC9AA0072742A /* Release */,
			);
			defaultConfigurationIsVisible = 0;
		};
/* End XCConfigurationList section */
	};
	rootObject = 1492296B1CACC9AA0072742A /* Project object */;
}
